
Microsoft Visual Studio Solution File, Format Version 12.00
# Visual Studio Version 16
VisualStudioVersion = 16.0.31005.135
MinimumVisualStudioVersion = 10.0.40219.1
Project("{FAE04EC0-301F-11D3-BF4B-00C04F79EFBC}") = "FunctionApp", "FunctionApp\FunctionApp.csproj", "{495D6B8F-09BE-4A83-B40B-9A9330E6232E}"
EndProject
Global
	GlobalSection(SolutionConfigurationPlatforms) = preSolution
		Debug|Any CPU = Debug|Any CPU
		Release|Any CPU = Release|Any CPU
	EndGlobalSection
	GlobalSection(ProjectConfigurationPlatforms) = postSolution
		{495D6B8F-09BE-4A83-B40B-9A9330E6232E}.Debug|Any CPU.ActiveCfg = Debug|Any CPU
		{495D6B8F-09BE-4A83-B40B-9A9330E6232E}.Debug|Any CPU.Build.0 = Debug|Any CPU
		{495D6B8F-09BE-4A83-B40B-9A9330E6232E}.Release|Any CPU.ActiveCfg = Release|Any CPU
		{495D6B8F-09BE-4A83-B40B-9A9330E6232E}.Release|Any CPU.Build.0 = Release|Any CPU
	EndGlobalSection
	GlobalSection(SolutionProperties) = preSolution
		HideSolutionNode = FALSE
	EndGlobalSection
	GlobalSection(ExtensibilityGlobals) = postSolution
		SolutionGuid = {B5CE13C1-383E-49B0-9085-132FB3D06CBF}
	EndGlobalSection
EndGlobal
